// !$*UTF8*$!
{
	archiveVersion = 1;
	classes = {
	};
	objectVersion = 50;
	objects = {

/* Begin PBXBuildFile section */
		933494F820ADCAE0003C7C44 /* PaddingLabel.swift in Sources */ = {isa = PBXBuildFile; fileRef = 933494F720ADCAE0003C7C44 /* PaddingLabel.swift */; };
		933494FB20AF0B1B003C7C44 /* CALayer+.swift in Sources */ = {isa = PBXBuildFile; fileRef = 933494FA20AF0B1B003C7C44 /* CALayer+.swift */; };
		933494FD20AF9CBF003C7C44 /* Session.swift in Sources */ = {isa = PBXBuildFile; fileRef = 933494FC20AF9CBF003C7C44 /* Session.swift */; };
		933494FE20AFA47C003C7C44 /* SessionListCollectionViewCell.swift in Sources */ = {isa = PBXBuildFile; fileRef = 93D5389D20A9CC0B00398195 /* SessionListCollectionViewCell.swift */; };
		933494FF20AFA568003C7C44 /* ConnpassResult.swift in Sources */ = {isa = PBXBuildFile; fileRef = 9371746420A85204008A0298 /* ConnpassResult.swift */; };
		9334950020AFA568003C7C44 /* ConnpassAPI.swift in Sources */ = {isa = PBXBuildFile; fileRef = 9371745D20A84413008A0298 /* ConnpassAPI.swift */; };
		9334950120AFA568003C7C44 /* ConnpassDataStore.swift in Sources */ = {isa = PBXBuildFile; fileRef = 9371746620A853A3008A0298 /* ConnpassDataStore.swift */; };
		933709BE20A6EDD30097F80A /* UIColor+.swift in Sources */ = {isa = PBXBuildFile; fileRef = 933709BD20A6EDD30097F80A /* UIColor+.swift */; };
		933709C120A6F63F0097F80A /* CalendarHeaderView.swift in Sources */ = {isa = PBXBuildFile; fileRef = 933709C020A6F63F0097F80A /* CalendarHeaderView.swift */; };
		933709C320A6F6650097F80A /* CalendarContainerView.swift in Sources */ = {isa = PBXBuildFile; fileRef = 933709C220A6F6650097F80A /* CalendarContainerView.swift */; };
		933709C520A6F6DD0097F80A /* CalendarCollectionViewCell.swift in Sources */ = {isa = PBXBuildFile; fileRef = 933709C420A6F6DD0097F80A /* CalendarCollectionViewCell.swift */; };
		9371745F20A84616008A0298 /* Alamofire.framework in Frameworks */ = {isa = PBXBuildFile; fileRef = 93867A4520A83D94007979E5 /* Alamofire.framework */; };
		9371746020A84616008A0298 /* Moya.framework in Frameworks */ = {isa = PBXBuildFile; fileRef = 93867A4620A83D94007979E5 /* Moya.framework */; };
		9371746120A84616008A0298 /* Result.framework in Frameworks */ = {isa = PBXBuildFile; fileRef = 93867A4720A83D94007979E5 /* Result.framework */; };
		9371746C20A87611008A0298 /* sampleSearch.json in Resources */ = {isa = PBXBuildFile; fileRef = 9371746220A848F4008A0298 /* sampleSearch.json */; };
		937D66BD20A5E7E90093B177 /* AppDelegate.swift in Sources */ = {isa = PBXBuildFile; fileRef = 937D66BC20A5E7E90093B177 /* AppDelegate.swift */; };
		937D66BF20A5E7E90093B177 /* SessionListViewController.swift in Sources */ = {isa = PBXBuildFile; fileRef = 937D66BE20A5E7E90093B177 /* SessionListViewController.swift */; };
		937D66C420A5E7EA0093B177 /* Assets.xcassets in Resources */ = {isa = PBXBuildFile; fileRef = 937D66C320A5E7EA0093B177 /* Assets.xcassets */; };
		937D66C720A5E7EA0093B177 /* LaunchScreen.storyboard in Resources */ = {isa = PBXBuildFile; fileRef = 937D66C520A5E7EA0093B177 /* LaunchScreen.storyboard */; };
		937D66D220A5E7EA0093B177 /* StudySessionNaviTests.swift in Sources */ = {isa = PBXBuildFile; fileRef = 937D66D120A5E7EA0093B177 /* StudySessionNaviTests.swift */; };
		937D66DD20A5EA110093B177 /* MenuTabBarController.swift in Sources */ = {isa = PBXBuildFile; fileRef = 937D66DC20A5EA110093B177 /* MenuTabBarController.swift */; };
		937D66EC20A5F1FB0093B177 /* UIComponent.framework in Frameworks */ = {isa = PBXBuildFile; fileRef = 937D66E320A5F1FB0093B177 /* UIComponent.framework */; };
		937D66F320A5F1FB0093B177 /* UIComponentTests.swift in Sources */ = {isa = PBXBuildFile; fileRef = 937D66F220A5F1FB0093B177 /* UIComponentTests.swift */; };
		937D66F520A5F1FB0093B177 /* UIComponent.h in Headers */ = {isa = PBXBuildFile; fileRef = 937D66E520A5F1FB0093B177 /* UIComponent.h */; settings = {ATTRIBUTES = (Public, ); }; };
		937D670320A5F2740093B177 /* CalendarView.swift in Sources */ = {isa = PBXBuildFile; fileRef = 937D670220A5F2740093B177 /* CalendarView.swift */; };
		937D670A20A5F7C20093B177 /* UIView+.swift in Sources */ = {isa = PBXBuildFile; fileRef = 937D670420A5F7450093B177 /* UIView+.swift */; };
		937D670B20A5F7C60093B177 /* Extension.swift in Sources */ = {isa = PBXBuildFile; fileRef = 937D670820A5F7A10093B177 /* Extension.swift */; };
		93867A0E20A710D2007979E5 /* Date+.swift in Sources */ = {isa = PBXBuildFile; fileRef = 93867A0D20A710D2007979E5 /* Date+.swift */; };
		93867A1220A73492007979E5 /* CalendarCollectionViewCellViewModel.swift in Sources */ = {isa = PBXBuildFile; fileRef = 93867A1120A73492007979E5 /* CalendarCollectionViewCellViewModel.swift */; };
		93867A1420A739A4007979E5 /* Images.xcassets in Resources */ = {isa = PBXBuildFile; fileRef = 93867A1320A739A4007979E5 /* Images.xcassets */; };
		93867A4820A83D94007979E5 /* Alamofire.framework in Frameworks */ = {isa = PBXBuildFile; fileRef = 93867A4520A83D94007979E5 /* Alamofire.framework */; };
		93867A4920A83D94007979E5 /* Moya.framework in Frameworks */ = {isa = PBXBuildFile; fileRef = 93867A4620A83D94007979E5 /* Moya.framework */; };
		93867A4A20A83D94007979E5 /* Result.framework in Frameworks */ = {isa = PBXBuildFile; fileRef = 93867A4720A83D94007979E5 /* Result.framework */; };
		93867A4B20A83DF3007979E5 /* UIComponent.framework in Frameworks */ = {isa = PBXBuildFile; fileRef = 937D66E320A5F1FB0093B177 /* UIComponent.framework */; };
		93867A4C20A83DF3007979E5 /* UIComponent.framework in Embed Frameworks */ = {isa = PBXBuildFile; fileRef = 937D66E320A5F1FB0093B177 /* UIComponent.framework */; settings = {ATTRIBUTES = (CodeSignOnCopy, RemoveHeadersOnCopy, ); }; };
		93867A8420A841C1007979E5 /* AppRequest.framework in Frameworks */ = {isa = PBXBuildFile; fileRef = 93867A7B20A841C1007979E5 /* AppRequest.framework */; };
		93867A8B20A841C1007979E5 /* AppRequestTests.swift in Sources */ = {isa = PBXBuildFile; fileRef = 93867A8A20A841C1007979E5 /* AppRequestTests.swift */; };
		93867A8D20A841C1007979E5 /* AppRequest.h in Headers */ = {isa = PBXBuildFile; fileRef = 93867A7D20A841C1007979E5 /* AppRequest.h */; settings = {ATTRIBUTES = (Public, ); }; };
		93867A9020A841C1007979E5 /* AppRequest.framework in Frameworks */ = {isa = PBXBuildFile; fileRef = 93867A7B20A841C1007979E5 /* AppRequest.framework */; };
		93867A9120A841C1007979E5 /* AppRequest.framework in Embed Frameworks */ = {isa = PBXBuildFile; fileRef = 93867A7B20A841C1007979E5 /* AppRequest.framework */; settings = {ATTRIBUTES = (CodeSignOnCopy, RemoveHeadersOnCopy, ); }; };
/* End PBXBuildFile section */

/* Begin PBXContainerItemProxy section */
		937D66CE20A5E7EA0093B177 /* PBXContainerItemProxy */ = {
			isa = PBXContainerItemProxy;
			containerPortal = 937D66B120A5E7E90093B177 /* Project object */;
			proxyType = 1;
			remoteGlobalIDString = 937D66B820A5E7E90093B177;
			remoteInfo = StudySessionNavi;
		};
		937D66ED20A5F1FB0093B177 /* PBXContainerItemProxy */ = {
			isa = PBXContainerItemProxy;
			containerPortal = 937D66B120A5E7E90093B177 /* Project object */;
			proxyType = 1;
			remoteGlobalIDString = 937D66E220A5F1FB0093B177;
			remoteInfo = UIComponent;
		};
		937D66EF20A5F1FB0093B177 /* PBXContainerItemProxy */ = {
			isa = PBXContainerItemProxy;
			containerPortal = 937D66B120A5E7E90093B177 /* Project object */;
			proxyType = 1;
			remoteGlobalIDString = 937D66B820A5E7E90093B177;
			remoteInfo = StudySessionNavi;
		};
		93867A4D20A83DF3007979E5 /* PBXContainerItemProxy */ = {
			isa = PBXContainerItemProxy;
			containerPortal = 937D66B120A5E7E90093B177 /* Project object */;
			proxyType = 1;
			remoteGlobalIDString = 937D66E220A5F1FB0093B177;
			remoteInfo = UIComponent;
		};
		93867A8520A841C1007979E5 /* PBXContainerItemProxy */ = {
			isa = PBXContainerItemProxy;
			containerPortal = 937D66B120A5E7E90093B177 /* Project object */;
			proxyType = 1;
			remoteGlobalIDString = 93867A7A20A841C1007979E5;
			remoteInfo = AppRequest;
		};
		93867A8720A841C1007979E5 /* PBXContainerItemProxy */ = {
			isa = PBXContainerItemProxy;
			containerPortal = 937D66B120A5E7E90093B177 /* Project object */;
			proxyType = 1;
			remoteGlobalIDString = 937D66B820A5E7E90093B177;
			remoteInfo = StudySessionNavi;
		};
		93867A8E20A841C1007979E5 /* PBXContainerItemProxy */ = {
			isa = PBXContainerItemProxy;
			containerPortal = 937D66B120A5E7E90093B177 /* Project object */;
			proxyType = 1;
			remoteGlobalIDString = 93867A7A20A841C1007979E5;
			remoteInfo = AppRequest;
		};
/* End PBXContainerItemProxy section */

/* Begin PBXCopyFilesBuildPhase section */
		93867A5320A83DF3007979E5 /* Embed Frameworks */ = {
			isa = PBXCopyFilesBuildPhase;
			buildActionMask = 2147483647;
			dstPath = "";
			dstSubfolderSpec = 10;
			files = (
				93867A9120A841C1007979E5 /* AppRequest.framework in Embed Frameworks */,
				93867A4C20A83DF3007979E5 /* UIComponent.framework in Embed Frameworks */,
			);
			name = "Embed Frameworks";
			runOnlyForDeploymentPostprocessing = 0;
		};
/* End PBXCopyFilesBuildPhase section */

/* Begin PBXFileReference section */
		933494F720ADCAE0003C7C44 /* PaddingLabel.swift */ = {isa = PBXFileReference; lastKnownFileType = sourcecode.swift; path = PaddingLabel.swift; sourceTree = "<group>"; };
		933494FA20AF0B1B003C7C44 /* CALayer+.swift */ = {isa = PBXFileReference; lastKnownFileType = sourcecode.swift; path = "CALayer+.swift"; sourceTree = "<group>"; };
		933494FC20AF9CBF003C7C44 /* Session.swift */ = {isa = PBXFileReference; lastKnownFileType = sourcecode.swift; path = Session.swift; sourceTree = "<group>"; };
		933709BD20A6EDD30097F80A /* UIColor+.swift */ = {isa = PBXFileReference; lastKnownFileType = sourcecode.swift; path = "UIColor+.swift"; sourceTree = "<group>"; };
		933709C020A6F63F0097F80A /* CalendarHeaderView.swift */ = {isa = PBXFileReference; lastKnownFileType = sourcecode.swift; path = CalendarHeaderView.swift; sourceTree = "<group>"; };
		933709C220A6F6650097F80A /* CalendarContainerView.swift */ = {isa = PBXFileReference; lastKnownFileType = sourcecode.swift; path = CalendarContainerView.swift; sourceTree = "<group>"; };
		933709C420A6F6DD0097F80A /* CalendarCollectionViewCell.swift */ = {isa = PBXFileReference; lastKnownFileType = sourcecode.swift; path = CalendarCollectionViewCell.swift; sourceTree = "<group>"; };
		9371745D20A84413008A0298 /* ConnpassAPI.swift */ = {isa = PBXFileReference; lastKnownFileType = sourcecode.swift; path = ConnpassAPI.swift; sourceTree = "<group>"; };
		9371746220A848F4008A0298 /* sampleSearch.json */ = {isa = PBXFileReference; lastKnownFileType = text.json; path = sampleSearch.json; sourceTree = "<group>"; };
		9371746420A85204008A0298 /* ConnpassResult.swift */ = {isa = PBXFileReference; lastKnownFileType = sourcecode.swift; path = ConnpassResult.swift; sourceTree = "<group>"; };
		9371746620A853A3008A0298 /* ConnpassDataStore.swift */ = {isa = PBXFileReference; lastKnownFileType = sourcecode.swift; path = ConnpassDataStore.swift; sourceTree = "<group>"; };
		937D66B920A5E7E90093B177 /* StudySessionNavi.app */ = {isa = PBXFileReference; explicitFileType = wrapper.application; includeInIndex = 0; path = StudySessionNavi.app; sourceTree = BUILT_PRODUCTS_DIR; };
		937D66BC20A5E7E90093B177 /* AppDelegate.swift */ = {isa = PBXFileReference; lastKnownFileType = sourcecode.swift; path = AppDelegate.swift; sourceTree = "<group>"; };
		937D66BE20A5E7E90093B177 /* SessionListViewController.swift */ = {isa = PBXFileReference; lastKnownFileType = sourcecode.swift; path = SessionListViewController.swift; sourceTree = "<group>"; };
		937D66C320A5E7EA0093B177 /* Assets.xcassets */ = {isa = PBXFileReference; lastKnownFileType = folder.assetcatalog; path = Assets.xcassets; sourceTree = "<group>"; };
		937D66C620A5E7EA0093B177 /* Base */ = {isa = PBXFileReference; lastKnownFileType = file.storyboard; name = Base; path = Base.lproj/LaunchScreen.storyboard; sourceTree = "<group>"; };
		937D66C820A5E7EA0093B177 /* Info.plist */ = {isa = PBXFileReference; lastKnownFileType = text.plist.xml; path = Info.plist; sourceTree = "<group>"; };
		937D66CD20A5E7EA0093B177 /* StudySessionNaviTests.xctest */ = {isa = PBXFileReference; explicitFileType = wrapper.cfbundle; includeInIndex = 0; path = StudySessionNaviTests.xctest; sourceTree = BUILT_PRODUCTS_DIR; };
		937D66D120A5E7EA0093B177 /* StudySessionNaviTests.swift */ = {isa = PBXFileReference; lastKnownFileType = sourcecode.swift; path = StudySessionNaviTests.swift; sourceTree = "<group>"; };
		937D66D320A5E7EA0093B177 /* Info.plist */ = {isa = PBXFileReference; lastKnownFileType = text.plist.xml; path = Info.plist; sourceTree = "<group>"; };
		937D66DC20A5EA110093B177 /* MenuTabBarController.swift */ = {isa = PBXFileReference; lastKnownFileType = sourcecode.swift; path = MenuTabBarController.swift; sourceTree = "<group>"; };
		937D66E320A5F1FB0093B177 /* UIComponent.framework */ = {isa = PBXFileReference; explicitFileType = wrapper.framework; includeInIndex = 0; path = UIComponent.framework; sourceTree = BUILT_PRODUCTS_DIR; };
		937D66E520A5F1FB0093B177 /* UIComponent.h */ = {isa = PBXFileReference; lastKnownFileType = sourcecode.c.h; path = UIComponent.h; sourceTree = "<group>"; };
		937D66E620A5F1FB0093B177 /* Info.plist */ = {isa = PBXFileReference; lastKnownFileType = text.plist.xml; path = Info.plist; sourceTree = "<group>"; };
		937D66EB20A5F1FB0093B177 /* UIComponentTests.xctest */ = {isa = PBXFileReference; explicitFileType = wrapper.cfbundle; includeInIndex = 0; path = UIComponentTests.xctest; sourceTree = BUILT_PRODUCTS_DIR; };
		937D66F220A5F1FB0093B177 /* UIComponentTests.swift */ = {isa = PBXFileReference; lastKnownFileType = sourcecode.swift; path = UIComponentTests.swift; sourceTree = "<group>"; };
		937D66F420A5F1FB0093B177 /* Info.plist */ = {isa = PBXFileReference; lastKnownFileType = text.plist.xml; path = Info.plist; sourceTree = "<group>"; };
		937D670120A5F2330093B177 /* MyPlayground.playground */ = {isa = PBXFileReference; lastKnownFileType = file.playground; path = MyPlayground.playground; sourceTree = "<group>"; xcLanguageSpecificationIdentifier = xcode.lang.swift; };
		937D670220A5F2740093B177 /* CalendarView.swift */ = {isa = PBXFileReference; lastKnownFileType = sourcecode.swift; path = CalendarView.swift; sourceTree = "<group>"; };
		937D670420A5F7450093B177 /* UIView+.swift */ = {isa = PBXFileReference; lastKnownFileType = sourcecode.swift; path = "UIView+.swift"; sourceTree = "<group>"; };
		937D670820A5F7A10093B177 /* Extension.swift */ = {isa = PBXFileReference; lastKnownFileType = sourcecode.swift; path = Extension.swift; sourceTree = "<group>"; };
		93867A0D20A710D2007979E5 /* Date+.swift */ = {isa = PBXFileReference; lastKnownFileType = sourcecode.swift; path = "Date+.swift"; sourceTree = "<group>"; };
		93867A1120A73492007979E5 /* CalendarCollectionViewCellViewModel.swift */ = {isa = PBXFileReference; lastKnownFileType = sourcecode.swift; path = CalendarCollectionViewCellViewModel.swift; sourceTree = "<group>"; };
		93867A1320A739A4007979E5 /* Images.xcassets */ = {isa = PBXFileReference; lastKnownFileType = folder.assetcatalog; path = Images.xcassets; sourceTree = "<group>"; };
		93867A4520A83D94007979E5 /* Alamofire.framework */ = {isa = PBXFileReference; lastKnownFileType = wrapper.framework; name = Alamofire.framework; path = Carthage/Build/iOS/Alamofire.framework; sourceTree = "<group>"; };
		93867A4620A83D94007979E5 /* Moya.framework */ = {isa = PBXFileReference; lastKnownFileType = wrapper.framework; name = Moya.framework; path = Carthage/Build/iOS/Moya.framework; sourceTree = "<group>"; };
		93867A4720A83D94007979E5 /* Result.framework */ = {isa = PBXFileReference; lastKnownFileType = wrapper.framework; name = Result.framework; path = Carthage/Build/iOS/Result.framework; sourceTree = "<group>"; };
		93867A7B20A841C1007979E5 /* AppRequest.framework */ = {isa = PBXFileReference; explicitFileType = wrapper.framework; includeInIndex = 0; path = AppRequest.framework; sourceTree = BUILT_PRODUCTS_DIR; };
		93867A7D20A841C1007979E5 /* AppRequest.h */ = {isa = PBXFileReference; lastKnownFileType = sourcecode.c.h; path = AppRequest.h; sourceTree = "<group>"; };
		93867A7E20A841C1007979E5 /* Info.plist */ = {isa = PBXFileReference; lastKnownFileType = text.plist.xml; path = Info.plist; sourceTree = "<group>"; };
		93867A8320A841C1007979E5 /* AppRequestTests.xctest */ = {isa = PBXFileReference; explicitFileType = wrapper.cfbundle; includeInIndex = 0; path = AppRequestTests.xctest; sourceTree = BUILT_PRODUCTS_DIR; };
		93867A8A20A841C1007979E5 /* AppRequestTests.swift */ = {isa = PBXFileReference; lastKnownFileType = sourcecode.swift; path = AppRequestTests.swift; sourceTree = "<group>"; };
		93867A8C20A841C1007979E5 /* Info.plist */ = {isa = PBXFileReference; lastKnownFileType = text.plist.xml; path = Info.plist; sourceTree = "<group>"; };
		93D5389D20A9CC0B00398195 /* SessionListCollectionViewCell.swift */ = {isa = PBXFileReference; lastKnownFileType = sourcecode.swift; path = SessionListCollectionViewCell.swift; sourceTree = "<group>"; };
/* End PBXFileReference section */

/* Begin PBXFrameworksBuildPhase section */
		937D66B620A5E7E90093B177 /* Frameworks */ = {
			isa = PBXFrameworksBuildPhase;
			buildActionMask = 2147483647;
			files = (
				93867A4820A83D94007979E5 /* Alamofire.framework in Frameworks */,
				93867A4920A83D94007979E5 /* Moya.framework in Frameworks */,
				93867A9020A841C1007979E5 /* AppRequest.framework in Frameworks */,
				93867A4B20A83DF3007979E5 /* UIComponent.framework in Frameworks */,
				93867A4A20A83D94007979E5 /* Result.framework in Frameworks */,
			);
			runOnlyForDeploymentPostprocessing = 0;
		};
		937D66CA20A5E7EA0093B177 /* Frameworks */ = {
			isa = PBXFrameworksBuildPhase;
			buildActionMask = 2147483647;
			files = (
			);
			runOnlyForDeploymentPostprocessing = 0;
		};
		937D66DF20A5F1FB0093B177 /* Frameworks */ = {
			isa = PBXFrameworksBuildPhase;
			buildActionMask = 2147483647;
			files = (
			);
			runOnlyForDeploymentPostprocessing = 0;
		};
		937D66E820A5F1FB0093B177 /* Frameworks */ = {
			isa = PBXFrameworksBuildPhase;
			buildActionMask = 2147483647;
			files = (
				937D66EC20A5F1FB0093B177 /* UIComponent.framework in Frameworks */,
			);
			runOnlyForDeploymentPostprocessing = 0;
		};
		93867A7720A841C1007979E5 /* Frameworks */ = {
			isa = PBXFrameworksBuildPhase;
			buildActionMask = 2147483647;
			files = (
				9371745F20A84616008A0298 /* Alamofire.framework in Frameworks */,
				9371746020A84616008A0298 /* Moya.framework in Frameworks */,
				9371746120A84616008A0298 /* Result.framework in Frameworks */,
			);
			runOnlyForDeploymentPostprocessing = 0;
		};
		93867A8020A841C1007979E5 /* Frameworks */ = {
			isa = PBXFrameworksBuildPhase;
			buildActionMask = 2147483647;
			files = (
				93867A8420A841C1007979E5 /* AppRequest.framework in Frameworks */,
			);
			runOnlyForDeploymentPostprocessing = 0;
		};
/* End PBXFrameworksBuildPhase section */

/* Begin PBXGroup section */
		933709BF20A6F6280097F80A /* Calendar */ = {
			isa = PBXGroup;
			children = (
				937D670220A5F2740093B177 /* CalendarView.swift */,
				933709C020A6F63F0097F80A /* CalendarHeaderView.swift */,
				933709C220A6F6650097F80A /* CalendarContainerView.swift */,
				933709C420A6F6DD0097F80A /* CalendarCollectionViewCell.swift */,
				93867A1120A73492007979E5 /* CalendarCollectionViewCellViewModel.swift */,
			);
			path = Calendar;
			sourceTree = "<group>";
		};
		937D66B020A5E7E90093B177 = {
			isa = PBXGroup;
			children = (
				937D670120A5F2330093B177 /* MyPlayground.playground */,
				937D66BB20A5E7E90093B177 /* StudySessionNavi */,
				937D66D020A5E7EA0093B177 /* StudySessionNaviTests */,
				937D66E420A5F1FB0093B177 /* UIComponent */,
				937D66F120A5F1FB0093B177 /* UIComponentTests */,
				93867A7C20A841C1007979E5 /* AppRequest */,
				93867A8920A841C1007979E5 /* AppRequestTests */,
				937D66BA20A5E7E90093B177 /* Products */,
				93867A4420A83D93007979E5 /* Frameworks */,
			);
			sourceTree = "<group>";
		};
		937D66BA20A5E7E90093B177 /* Products */ = {
			isa = PBXGroup;
			children = (
				937D66B920A5E7E90093B177 /* StudySessionNavi.app */,
				937D66CD20A5E7EA0093B177 /* StudySessionNaviTests.xctest */,
				937D66E320A5F1FB0093B177 /* UIComponent.framework */,
				937D66EB20A5F1FB0093B177 /* UIComponentTests.xctest */,
				93867A7B20A841C1007979E5 /* AppRequest.framework */,
				93867A8320A841C1007979E5 /* AppRequestTests.xctest */,
			);
			name = Products;
			sourceTree = "<group>";
		};
		937D66BB20A5E7E90093B177 /* StudySessionNavi */ = {
			isa = PBXGroup;
			children = (
				937D66BC20A5E7E90093B177 /* AppDelegate.swift */,
				937D66DC20A5EA110093B177 /* MenuTabBarController.swift */,
				937D66BE20A5E7E90093B177 /* SessionListViewController.swift */,
				933494FC20AF9CBF003C7C44 /* Session.swift */,
				937D66C320A5E7EA0093B177 /* Assets.xcassets */,
				937D66C520A5E7EA0093B177 /* LaunchScreen.storyboard */,
				937D66C820A5E7EA0093B177 /* Info.plist */,
			);
			path = StudySessionNavi;
			sourceTree = "<group>";
		};
		937D66D020A5E7EA0093B177 /* StudySessionNaviTests */ = {
			isa = PBXGroup;
			children = (
				937D66D120A5E7EA0093B177 /* StudySessionNaviTests.swift */,
				937D66D320A5E7EA0093B177 /* Info.plist */,
			);
			path = StudySessionNaviTests;
			sourceTree = "<group>";
		};
		937D66E420A5F1FB0093B177 /* UIComponent */ = {
			isa = PBXGroup;
			children = (
				93D5389D20A9CC0B00398195 /* SessionListCollectionViewCell.swift */,
				933494F720ADCAE0003C7C44 /* PaddingLabel.swift */,
				937D670720A5F7550093B177 /* Extensions */,
				933709BF20A6F6280097F80A /* Calendar */,
				937D66E520A5F1FB0093B177 /* UIComponent.h */,
				937D66E620A5F1FB0093B177 /* Info.plist */,
				93867A1320A739A4007979E5 /* Images.xcassets */,
			);
			path = UIComponent;
			sourceTree = "<group>";
		};
		937D66F120A5F1FB0093B177 /* UIComponentTests */ = {
			isa = PBXGroup;
			children = (
				937D66F220A5F1FB0093B177 /* UIComponentTests.swift */,
				937D66F420A5F1FB0093B177 /* Info.plist */,
			);
			path = UIComponentTests;
			sourceTree = "<group>";
		};
		937D670720A5F7550093B177 /* Extensions */ = {
			isa = PBXGroup;
			children = (
				937D670820A5F7A10093B177 /* Extension.swift */,
				937D670420A5F7450093B177 /* UIView+.swift */,
				933709BD20A6EDD30097F80A /* UIColor+.swift */,
				93867A0D20A710D2007979E5 /* Date+.swift */,
				933494FA20AF0B1B003C7C44 /* CALayer+.swift */,
			);
			path = Extensions;
			sourceTree = "<group>";
		};
		93867A4420A83D93007979E5 /* Frameworks */ = {
			isa = PBXGroup;
			children = (
				93867A4520A83D94007979E5 /* Alamofire.framework */,
				93867A4620A83D94007979E5 /* Moya.framework */,
				93867A4720A83D94007979E5 /* Result.framework */,
			);
			name = Frameworks;
			sourceTree = "<group>";
		};
		93867A7C20A841C1007979E5 /* AppRequest */ = {
			isa = PBXGroup;
			children = (
				9371746620A853A3008A0298 /* ConnpassDataStore.swift */,
				9371745D20A84413008A0298 /* ConnpassAPI.swift */,
				9371746420A85204008A0298 /* ConnpassResult.swift */,
				9371746220A848F4008A0298 /* sampleSearch.json */,
				93867A7D20A841C1007979E5 /* AppRequest.h */,
				93867A7E20A841C1007979E5 /* Info.plist */,
			);
			path = AppRequest;
			sourceTree = "<group>";
		};
		93867A8920A841C1007979E5 /* AppRequestTests */ = {
			isa = PBXGroup;
			children = (
				93867A8A20A841C1007979E5 /* AppRequestTests.swift */,
				93867A8C20A841C1007979E5 /* Info.plist */,
			);
			path = AppRequestTests;
			sourceTree = "<group>";
		};
/* End PBXGroup section */

/* Begin PBXHeadersBuildPhase section */
		937D66E020A5F1FB0093B177 /* Headers */ = {
			isa = PBXHeadersBuildPhase;
			buildActionMask = 2147483647;
			files = (
				937D66F520A5F1FB0093B177 /* UIComponent.h in Headers */,
			);
			runOnlyForDeploymentPostprocessing = 0;
		};
		93867A7820A841C1007979E5 /* Headers */ = {
			isa = PBXHeadersBuildPhase;
			buildActionMask = 2147483647;
			files = (
				93867A8D20A841C1007979E5 /* AppRequest.h in Headers */,
			);
			runOnlyForDeploymentPostprocessing = 0;
		};
/* End PBXHeadersBuildPhase section */

/* Begin PBXNativeTarget section */
		937D66B820A5E7E90093B177 /* StudySessionNavi */ = {
			isa = PBXNativeTarget;
			buildConfigurationList = 937D66D620A5E7EA0093B177 /* Build configuration list for PBXNativeTarget "StudySessionNavi" */;
			buildPhases = (
				937D66B520A5E7E90093B177 /* Sources */,
				937D66B620A5E7E90093B177 /* Frameworks */,
				937D66B720A5E7E90093B177 /* Resources */,
				93867A3F20A8377D007979E5 /* cathage */,
				93867A5320A83DF3007979E5 /* Embed Frameworks */,
			);
			buildRules = (
			);
			dependencies = (
				93867A4E20A83DF3007979E5 /* PBXTargetDependency */,
				93867A8F20A841C1007979E5 /* PBXTargetDependency */,
			);
			name = StudySessionNavi;
			productName = StudySessionNavi;
			productReference = 937D66B920A5E7E90093B177 /* StudySessionNavi.app */;
			productType = "com.apple.product-type.application";
		};
		937D66CC20A5E7EA0093B177 /* StudySessionNaviTests */ = {
			isa = PBXNativeTarget;
			buildConfigurationList = 937D66D920A5E7EA0093B177 /* Build configuration list for PBXNativeTarget "StudySessionNaviTests" */;
			buildPhases = (
				937D66C920A5E7EA0093B177 /* Sources */,
				937D66CA20A5E7EA0093B177 /* Frameworks */,
				937D66CB20A5E7EA0093B177 /* Resources */,
			);
			buildRules = (
			);
			dependencies = (
				937D66CF20A5E7EA0093B177 /* PBXTargetDependency */,
			);
			name = StudySessionNaviTests;
			productName = StudySessionNaviTests;
			productReference = 937D66CD20A5E7EA0093B177 /* StudySessionNaviTests.xctest */;
			productType = "com.apple.product-type.bundle.unit-test";
		};
		937D66E220A5F1FB0093B177 /* UIComponent */ = {
			isa = PBXNativeTarget;
			buildConfigurationList = 937D66FA20A5F1FB0093B177 /* Build configuration list for PBXNativeTarget "UIComponent" */;
			buildPhases = (
				937D66DE20A5F1FB0093B177 /* Sources */,
				937D66DF20A5F1FB0093B177 /* Frameworks */,
				937D66E020A5F1FB0093B177 /* Headers */,
				937D66E120A5F1FB0093B177 /* Resources */,
			);
			buildRules = (
			);
			dependencies = (
			);
			name = UIComponent;
			productName = UIComponent;
			productReference = 937D66E320A5F1FB0093B177 /* UIComponent.framework */;
			productType = "com.apple.product-type.framework";
		};
		937D66EA20A5F1FB0093B177 /* UIComponentTests */ = {
			isa = PBXNativeTarget;
			buildConfigurationList = 937D66FE20A5F1FB0093B177 /* Build configuration list for PBXNativeTarget "UIComponentTests" */;
			buildPhases = (
				937D66E720A5F1FB0093B177 /* Sources */,
				937D66E820A5F1FB0093B177 /* Frameworks */,
				937D66E920A5F1FB0093B177 /* Resources */,
			);
			buildRules = (
			);
			dependencies = (
				937D66EE20A5F1FB0093B177 /* PBXTargetDependency */,
				937D66F020A5F1FB0093B177 /* PBXTargetDependency */,
			);
			name = UIComponentTests;
			productName = UIComponentTests;
			productReference = 937D66EB20A5F1FB0093B177 /* UIComponentTests.xctest */;
			productType = "com.apple.product-type.bundle.unit-test";
		};
		93867A7A20A841C1007979E5 /* AppRequest */ = {
			isa = PBXNativeTarget;
			buildConfigurationList = 93867A9620A841C1007979E5 /* Build configuration list for PBXNativeTarget "AppRequest" */;
			buildPhases = (
				93867A7620A841C1007979E5 /* Sources */,
				93867A7720A841C1007979E5 /* Frameworks */,
				93867A7820A841C1007979E5 /* Headers */,
				93867A7920A841C1007979E5 /* Resources */,
			);
			buildRules = (
			);
			dependencies = (
			);
			name = AppRequest;
			productName = AppRequest;
			productReference = 93867A7B20A841C1007979E5 /* AppRequest.framework */;
			productType = "com.apple.product-type.framework";
		};
		93867A8220A841C1007979E5 /* AppRequestTests */ = {
			isa = PBXNativeTarget;
			buildConfigurationList = 93867A9720A841C1007979E5 /* Build configuration list for PBXNativeTarget "AppRequestTests" */;
			buildPhases = (
				93867A7F20A841C1007979E5 /* Sources */,
				93867A8020A841C1007979E5 /* Frameworks */,
				93867A8120A841C1007979E5 /* Resources */,
			);
			buildRules = (
			);
			dependencies = (
				93867A8620A841C1007979E5 /* PBXTargetDependency */,
				93867A8820A841C1007979E5 /* PBXTargetDependency */,
			);
			name = AppRequestTests;
			productName = AppRequestTests;
			productReference = 93867A8320A841C1007979E5 /* AppRequestTests.xctest */;
			productType = "com.apple.product-type.bundle.unit-test";
		};
/* End PBXNativeTarget section */

/* Begin PBXProject section */
		937D66B120A5E7E90093B177 /* Project object */ = {
			isa = PBXProject;
			attributes = {
				LastSwiftUpdateCheck = 0930;
				LastUpgradeCheck = 0930;
				TargetAttributes = {
					937D66B820A5E7E90093B177 = {
						CreatedOnToolsVersion = 9.3;
					};
					937D66CC20A5E7EA0093B177 = {
						CreatedOnToolsVersion = 9.3;
						TestTargetID = 937D66B820A5E7E90093B177;
					};
					937D66E220A5F1FB0093B177 = {
						CreatedOnToolsVersion = 9.3;
						LastSwiftMigration = 0930;
					};
					937D66EA20A5F1FB0093B177 = {
						CreatedOnToolsVersion = 9.3;
						TestTargetID = 937D66B820A5E7E90093B177;
					};
					93867A7A20A841C1007979E5 = {
						CreatedOnToolsVersion = 9.3;
						LastSwiftMigration = 0930;
					};
					93867A8220A841C1007979E5 = {
						CreatedOnToolsVersion = 9.3;
						TestTargetID = 937D66B820A5E7E90093B177;
					};
				};
			};
			buildConfigurationList = 937D66B420A5E7E90093B177 /* Build configuration list for PBXProject "StudySessionNavi" */;
			compatibilityVersion = "Xcode 9.3";
			developmentRegion = en;
			hasScannedForEncodings = 0;
			knownRegions = (
				en,
				Base,
			);
			mainGroup = 937D66B020A5E7E90093B177;
			productRefGroup = 937D66BA20A5E7E90093B177 /* Products */;
			projectDirPath = "";
			projectRoot = "";
			targets = (
				937D66B820A5E7E90093B177 /* StudySessionNavi */,
				937D66CC20A5E7EA0093B177 /* StudySessionNaviTests */,
				937D66E220A5F1FB0093B177 /* UIComponent */,
				937D66EA20A5F1FB0093B177 /* UIComponentTests */,
				93867A7A20A841C1007979E5 /* AppRequest */,
				93867A8220A841C1007979E5 /* AppRequestTests */,
			);
		};
/* End PBXProject section */

/* Begin PBXResourcesBuildPhase section */
		937D66B720A5E7E90093B177 /* Resources */ = {
			isa = PBXResourcesBuildPhase;
			buildActionMask = 2147483647;
			files = (
				9371746C20A87611008A0298 /* sampleSearch.json in Resources */,
				937D66C720A5E7EA0093B177 /* LaunchScreen.storyboard in Resources */,
				937D66C420A5E7EA0093B177 /* Assets.xcassets in Resources */,
			);
			runOnlyForDeploymentPostprocessing = 0;
		};
		937D66CB20A5E7EA0093B177 /* Resources */ = {
			isa = PBXResourcesBuildPhase;
			buildActionMask = 2147483647;
			files = (
			);
			runOnlyForDeploymentPostprocessing = 0;
		};
		937D66E120A5F1FB0093B177 /* Resources */ = {
			isa = PBXResourcesBuildPhase;
			buildActionMask = 2147483647;
			files = (
				93867A1420A739A4007979E5 /* Images.xcassets in Resources */,
			);
			runOnlyForDeploymentPostprocessing = 0;
		};
		937D66E920A5F1FB0093B177 /* Resources */ = {
			isa = PBXResourcesBuildPhase;
			buildActionMask = 2147483647;
			files = (
			);
			runOnlyForDeploymentPostprocessing = 0;
		};
		93867A7920A841C1007979E5 /* Resources */ = {
			isa = PBXResourcesBuildPhase;
			buildActionMask = 2147483647;
			files = (
			);
			runOnlyForDeploymentPostprocessing = 0;
		};
		93867A8120A841C1007979E5 /* Resources */ = {
			isa = PBXResourcesBuildPhase;
			buildActionMask = 2147483647;
			files = (
			);
			runOnlyForDeploymentPostprocessing = 0;
		};
/* End PBXResourcesBuildPhase section */

/* Begin PBXShellScriptBuildPhase section */
		93867A3F20A8377D007979E5 /* cathage */ = {
			isa = PBXShellScriptBuildPhase;
			buildActionMask = 2147483647;
			files = (
			);
			inputPaths = (
				"$(SRCROOT)/Carthage/Build/iOS/Alamofire.framework",
				"$(SRCROOT)/Carthage/Build/iOS/Moya.framework",
				"$(SRCROOT)/Carthage/Build/iOS/Result.framework",
			);
			name = cathage;
			outputPaths = (
			);
			runOnlyForDeploymentPostprocessing = 0;
			shellPath = /bin/sh;
			shellScript = "/usr/local/bin/carthage copy-frameworks";
		};
/* End PBXShellScriptBuildPhase section */

/* Begin PBXSourcesBuildPhase section */
		937D66B520A5E7E90093B177 /* Sources */ = {
			isa = PBXSourcesBuildPhase;
			buildActionMask = 2147483647;
			files = (
				933494FD20AF9CBF003C7C44 /* Session.swift in Sources */,
				937D66BF20A5E7E90093B177 /* SessionListViewController.swift in Sources */,
				937D66BD20A5E7E90093B177 /* AppDelegate.swift in Sources */,
				933494FE20AFA47C003C7C44 /* SessionListCollectionViewCell.swift in Sources */,
				937D66DD20A5EA110093B177 /* MenuTabBarController.swift in Sources */,
			);
			runOnlyForDeploymentPostprocessing = 0;
		};
		937D66C920A5E7EA0093B177 /* Sources */ = {
			isa = PBXSourcesBuildPhase;
			buildActionMask = 2147483647;
			files = (
				937D66D220A5E7EA0093B177 /* StudySessionNaviTests.swift in Sources */,
			);
			runOnlyForDeploymentPostprocessing = 0;
		};
		937D66DE20A5F1FB0093B177 /* Sources */ = {
			isa = PBXSourcesBuildPhase;
			buildActionMask = 2147483647;
			files = (
				933709C320A6F6650097F80A /* CalendarContainerView.swift in Sources */,
				933494FB20AF0B1B003C7C44 /* CALayer+.swift in Sources */,
				933709C520A6F6DD0097F80A /* CalendarCollectionViewCell.swift in Sources */,
				937D670B20A5F7C60093B177 /* Extension.swift in Sources */,
				933709BE20A6EDD30097F80A /* UIColor+.swift in Sources */,
				937D670A20A5F7C20093B177 /* UIView+.swift in Sources */,
				933709C120A6F63F0097F80A /* CalendarHeaderView.swift in Sources */,
				933494F820ADCAE0003C7C44 /* PaddingLabel.swift in Sources */,
				93867A1220A73492007979E5 /* CalendarCollectionViewCellViewModel.swift in Sources */,
				937D670320A5F2740093B177 /* CalendarView.swift in Sources */,
				93867A0E20A710D2007979E5 /* Date+.swift in Sources */,
			);
			runOnlyForDeploymentPostprocessing = 0;
		};
		937D66E720A5F1FB0093B177 /* Sources */ = {
			isa = PBXSourcesBuildPhase;
			buildActionMask = 2147483647;
			files = (
				937D66F320A5F1FB0093B177 /* UIComponentTests.swift in Sources */,
			);
			runOnlyForDeploymentPostprocessing = 0;
		};
		93867A7620A841C1007979E5 /* Sources */ = {
			isa = PBXSourcesBuildPhase;
			buildActionMask = 2147483647;
			files = (
				933494FF20AFA568003C7C44 /* ConnpassResult.swift in Sources */,
				9334950020AFA568003C7C44 /* ConnpassAPI.swift in Sources */,
				9334950120AFA568003C7C44 /* ConnpassDataStore.swift in Sources */,
			);
			runOnlyForDeploymentPostprocessing = 0;
		};
		93867A7F20A841C1007979E5 /* Sources */ = {
			isa = PBXSourcesBuildPhase;
			buildActionMask = 2147483647;
			files = (
				93867A8B20A841C1007979E5 /* AppRequestTests.swift in Sources */,
			);
			runOnlyForDeploymentPostprocessing = 0;
		};
/* End PBXSourcesBuildPhase section */

/* Begin PBXTargetDependency section */
		937D66CF20A5E7EA0093B177 /* PBXTargetDependency */ = {
			isa = PBXTargetDependency;
			target = 937D66B820A5E7E90093B177 /* StudySessionNavi */;
			targetProxy = 937D66CE20A5E7EA0093B177 /* PBXContainerItemProxy */;
		};
		937D66EE20A5F1FB0093B177 /* PBXTargetDependency */ = {
			isa = PBXTargetDependency;
			target = 937D66E220A5F1FB0093B177 /* UIComponent */;
			targetProxy = 937D66ED20A5F1FB0093B177 /* PBXContainerItemProxy */;
		};
		937D66F020A5F1FB0093B177 /* PBXTargetDependency */ = {
			isa = PBXTargetDependency;
			target = 937D66B820A5E7E90093B177 /* StudySessionNavi */;
			targetProxy = 937D66EF20A5F1FB0093B177 /* PBXContainerItemProxy */;
		};
		93867A4E20A83DF3007979E5 /* PBXTargetDependency */ = {
			isa = PBXTargetDependency;
			target = 937D66E220A5F1FB0093B177 /* UIComponent */;
			targetProxy = 93867A4D20A83DF3007979E5 /* PBXContainerItemProxy */;
		};
		93867A8620A841C1007979E5 /* PBXTargetDependency */ = {
			isa = PBXTargetDependency;
			target = 93867A7A20A841C1007979E5 /* AppRequest */;
			targetProxy = 93867A8520A841C1007979E5 /* PBXContainerItemProxy */;
		};
		93867A8820A841C1007979E5 /* PBXTargetDependency */ = {
			isa = PBXTargetDependency;
			target = 937D66B820A5E7E90093B177 /* StudySessionNavi */;
			targetProxy = 93867A8720A841C1007979E5 /* PBXContainerItemProxy */;
		};
		93867A8F20A841C1007979E5 /* PBXTargetDependency */ = {
			isa = PBXTargetDependency;
			target = 93867A7A20A841C1007979E5 /* AppRequest */;
			targetProxy = 93867A8E20A841C1007979E5 /* PBXContainerItemProxy */;
		};
/* End PBXTargetDependency section */

/* Begin PBXVariantGroup section */
		937D66C520A5E7EA0093B177 /* LaunchScreen.storyboard */ = {
			isa = PBXVariantGroup;
			children = (
				937D66C620A5E7EA0093B177 /* Base */,
			);
			name = LaunchScreen.storyboard;
			sourceTree = "<group>";
		};
/* End PBXVariantGroup section */

/* Begin XCBuildConfiguration section */
		937D66D420A5E7EA0093B177 /* Debug */ = {
			isa = XCBuildConfiguration;
			buildSettings = {
				ALWAYS_SEARCH_USER_PATHS = NO;
				CLANG_ANALYZER_NONNULL = YES;
				CLANG_ANALYZER_NUMBER_OBJECT_CONVERSION = YES_AGGRESSIVE;
				CLANG_CXX_LANGUAGE_STANDARD = "gnu++14";
				CLANG_CXX_LIBRARY = "libc++";
				CLANG_ENABLE_MODULES = YES;
				CLANG_ENABLE_OBJC_ARC = YES;
				CLANG_ENABLE_OBJC_WEAK = YES;
				CLANG_WARN_BLOCK_CAPTURE_AUTORELEASING = YES;
				CLANG_WARN_BOOL_CONVERSION = YES;
				CLANG_WARN_COMMA = YES;
				CLANG_WARN_CONSTANT_CONVERSION = YES;
				CLANG_WARN_DEPRECATED_OBJC_IMPLEMENTATIONS = YES;
				CLANG_WARN_DIRECT_OBJC_ISA_USAGE = YES_ERROR;
				CLANG_WARN_DOCUMENTATION_COMMENTS = YES;
				CLANG_WARN_EMPTY_BODY = YES;
				CLANG_WARN_ENUM_CONVERSION = YES;
				CLANG_WARN_INFINITE_RECURSION = YES;
				CLANG_WARN_INT_CONVERSION = YES;
				CLANG_WARN_NON_LITERAL_NULL_CONVERSION = YES;
				CLANG_WARN_OBJC_IMPLICIT_RETAIN_SELF = YES;
				CLANG_WARN_OBJC_LITERAL_CONVERSION = YES;
				CLANG_WARN_OBJC_ROOT_CLASS = YES_ERROR;
				CLANG_WARN_RANGE_LOOP_ANALYSIS = YES;
				CLANG_WARN_STRICT_PROTOTYPES = YES;
				CLANG_WARN_SUSPICIOUS_MOVE = YES;
				CLANG_WARN_UNGUARDED_AVAILABILITY = YES_AGGRESSIVE;
				CLANG_WARN_UNREACHABLE_CODE = YES;
				CLANG_WARN__DUPLICATE_METHOD_MATCH = YES;
				CODE_SIGN_IDENTITY = "iPhone Developer";
				COPY_PHASE_STRIP = NO;
				DEBUG_INFORMATION_FORMAT = dwarf;
				ENABLE_STRICT_OBJC_MSGSEND = YES;
				ENABLE_TESTABILITY = YES;
				GCC_C_LANGUAGE_STANDARD = gnu11;
				GCC_DYNAMIC_NO_PIC = NO;
				GCC_NO_COMMON_BLOCKS = YES;
				GCC_OPTIMIZATION_LEVEL = 0;
				GCC_PREPROCESSOR_DEFINITIONS = (
					"DEBUG=1",
					"$(inherited)",
				);
				GCC_WARN_64_TO_32_BIT_CONVERSION = YES;
				GCC_WARN_ABOUT_RETURN_TYPE = YES_ERROR;
				GCC_WARN_UNDECLARED_SELECTOR = YES;
				GCC_WARN_UNINITIALIZED_AUTOS = YES_AGGRESSIVE;
				GCC_WARN_UNUSED_FUNCTION = YES;
				GCC_WARN_UNUSED_VARIABLE = YES;
				IPHONEOS_DEPLOYMENT_TARGET = 10.0;
				MTL_ENABLE_DEBUG_INFO = YES;
				ONLY_ACTIVE_ARCH = YES;
				SDKROOT = iphoneos;
				SWIFT_ACTIVE_COMPILATION_CONDITIONS = DEBUG;
				SWIFT_OPTIMIZATION_LEVEL = "-Onone";
			};
			name = Debug;
		};
		937D66D520A5E7EA0093B177 /* Release */ = {
			isa = XCBuildConfiguration;
			buildSettings = {
				ALWAYS_SEARCH_USER_PATHS = NO;
				CLANG_ANALYZER_NONNULL = YES;
				CLANG_ANALYZER_NUMBER_OBJECT_CONVERSION = YES_AGGRESSIVE;
				CLANG_CXX_LANGUAGE_STANDARD = "gnu++14";
				CLANG_CXX_LIBRARY = "libc++";
				CLANG_ENABLE_MODULES = YES;
				CLANG_ENABLE_OBJC_ARC = YES;
				CLANG_ENABLE_OBJC_WEAK = YES;
				CLANG_WARN_BLOCK_CAPTURE_AUTORELEASING = YES;
				CLANG_WARN_BOOL_CONVERSION = YES;
				CLANG_WARN_COMMA = YES;
				CLANG_WARN_CONSTANT_CONVERSION = YES;
				CLANG_WARN_DEPRECATED_OBJC_IMPLEMENTATIONS = YES;
				CLANG_WARN_DIRECT_OBJC_ISA_USAGE = YES_ERROR;
				CLANG_WARN_DOCUMENTATION_COMMENTS = YES;
				CLANG_WARN_EMPTY_BODY = YES;
				CLANG_WARN_ENUM_CONVERSION = YES;
				CLANG_WARN_INFINITE_RECURSION = YES;
				CLANG_WARN_INT_CONVERSION = YES;
				CLANG_WARN_NON_LITERAL_NULL_CONVERSION = YES;
				CLANG_WARN_OBJC_IMPLICIT_RETAIN_SELF = YES;
				CLANG_WARN_OBJC_LITERAL_CONVERSION = YES;
				CLANG_WARN_OBJC_ROOT_CLASS = YES_ERROR;
				CLANG_WARN_RANGE_LOOP_ANALYSIS = YES;
				CLANG_WARN_STRICT_PROTOTYPES = YES;
				CLANG_WARN_SUSPICIOUS_MOVE = YES;
				CLANG_WARN_UNGUARDED_AVAILABILITY = YES_AGGRESSIVE;
				CLANG_WARN_UNREACHABLE_CODE = YES;
				CLANG_WARN__DUPLICATE_METHOD_MATCH = YES;
				CODE_SIGN_IDENTITY = "iPhone Developer";
				COPY_PHASE_STRIP = NO;
				DEBUG_INFORMATION_FORMAT = "dwarf-with-dsym";
				ENABLE_NS_ASSERTIONS = NO;
				ENABLE_STRICT_OBJC_MSGSEND = YES;
				GCC_C_LANGUAGE_STANDARD = gnu11;
				GCC_NO_COMMON_BLOCKS = YES;
				GCC_WARN_64_TO_32_BIT_CONVERSION = YES;
				GCC_WARN_ABOUT_RETURN_TYPE = YES_ERROR;
				GCC_WARN_UNDECLARED_SELECTOR = YES;
				GCC_WARN_UNINITIALIZED_AUTOS = YES_AGGRESSIVE;
				GCC_WARN_UNUSED_FUNCTION = YES;
				GCC_WARN_UNUSED_VARIABLE = YES;
				IPHONEOS_DEPLOYMENT_TARGET = 10.0;
				MTL_ENABLE_DEBUG_INFO = NO;
				SDKROOT = iphoneos;
				SWIFT_COMPILATION_MODE = wholemodule;
				SWIFT_OPTIMIZATION_LEVEL = "-O";
				VALIDATE_PRODUCT = YES;
			};
			name = Release;
		};
		937D66D720A5E7EA0093B177 /* Debug */ = {
			isa = XCBuildConfiguration;
			buildSettings = {
				ALWAYS_EMBED_SWIFT_STANDARD_LIBRARIES = YES;
				ASSETCATALOG_COMPILER_APPICON_NAME = AppIcon;
				CODE_SIGN_STYLE = Automatic;
				DEVELOPMENT_TEAM = YEF9KW58C5;
				FRAMEWORK_SEARCH_PATHS = (
					"$(inherited)",
					"$(PROJECT_DIR)/Carthage/Build/iOS",
				);
				INFOPLIST_FILE = StudySessionNavi/Info.plist;
				IPHONEOS_DEPLOYMENT_TARGET = 10.0;
				LD_RUNPATH_SEARCH_PATHS = (
					"$(inherited)",
					"@executable_path/Frameworks",
				);
				PRODUCT_BUNDLE_IDENTIFIER = shymst.StudySessionNavi;
				PRODUCT_NAME = "$(TARGET_NAME)";
				SWIFT_VERSION = 4.0;
				TARGETED_DEVICE_FAMILY = "1,2";
			};
			name = Debug;
		};
		937D66D820A5E7EA0093B177 /* Release */ = {
			isa = XCBuildConfiguration;
			buildSettings = {
				ALWAYS_EMBED_SWIFT_STANDARD_LIBRARIES = YES;
				ASSETCATALOG_COMPILER_APPICON_NAME = AppIcon;
				CODE_SIGN_STYLE = Automatic;
				DEVELOPMENT_TEAM = YEF9KW58C5;
				FRAMEWORK_SEARCH_PATHS = (
					"$(inherited)",
					"$(PROJECT_DIR)/Carthage/Build/iOS",
				);
				INFOPLIST_FILE = StudySessionNavi/Info.plist;
				IPHONEOS_DEPLOYMENT_TARGET = 10.0;
				LD_RUNPATH_SEARCH_PATHS = (
					"$(inherited)",
					"@executable_path/Frameworks",
				);
				PRODUCT_BUNDLE_IDENTIFIER = shymst.StudySessionNavi;
				PRODUCT_NAME = "$(TARGET_NAME)";
				SWIFT_VERSION = 4.0;
				TARGETED_DEVICE_FAMILY = "1,2";
			};
			name = Release;
		};
		937D66DA20A5E7EA0093B177 /* Debug */ = {
			isa = XCBuildConfiguration;
			buildSettings = {
				ALWAYS_EMBED_SWIFT_STANDARD_LIBRARIES = YES;
				BUNDLE_LOADER = "$(TEST_HOST)";
				CODE_SIGN_STYLE = Automatic;
				DEVELOPMENT_TEAM = YEF9KW58C5;
				INFOPLIST_FILE = StudySessionNaviTests/Info.plist;
				LD_RUNPATH_SEARCH_PATHS = (
					"$(inherited)",
					"@executable_path/Frameworks",
					"@loader_path/Frameworks",
				);
				PRODUCT_BUNDLE_IDENTIFIER = shymst.StudySessionNaviTests;
				PRODUCT_NAME = "$(TARGET_NAME)";
				SWIFT_VERSION = 4.0;
				TARGETED_DEVICE_FAMILY = "1,2";
				TEST_HOST = "$(BUILT_PRODUCTS_DIR)/StudySessionNavi.app/StudySessionNavi";
			};
			name = Debug;
		};
		937D66DB20A5E7EA0093B177 /* Release */ = {
			isa = XCBuildConfiguration;
			buildSettings = {
				ALWAYS_EMBED_SWIFT_STANDARD_LIBRARIES = YES;
				BUNDLE_LOADER = "$(TEST_HOST)";
				CODE_SIGN_STYLE = Automatic;
				DEVELOPMENT_TEAM = YEF9KW58C5;
				INFOPLIST_FILE = StudySessionNaviTests/Info.plist;
				LD_RUNPATH_SEARCH_PATHS = (
					"$(inherited)",
					"@executable_path/Frameworks",
					"@loader_path/Frameworks",
				);
				PRODUCT_BUNDLE_IDENTIFIER = shymst.StudySessionNaviTests;
				PRODUCT_NAME = "$(TARGET_NAME)";
				SWIFT_VERSION = 4.0;
				TARGETED_DEVICE_FAMILY = "1,2";
				TEST_HOST = "$(BUILT_PRODUCTS_DIR)/StudySessionNavi.app/StudySessionNavi";
			};
			name = Release;
		};
		937D66FB20A5F1FB0093B177 /* Debug */ = {
			isa = XCBuildConfiguration;
			buildSettings = {
				CLANG_ENABLE_MODULES = YES;
				CODE_SIGN_IDENTITY = "";
				CODE_SIGN_STYLE = Automatic;
				CURRENT_PROJECT_VERSION = 1;
				DEFINES_MODULE = YES;
				DEVELOPMENT_TEAM = YEF9KW58C5;
				DYLIB_COMPATIBILITY_VERSION = 1;
				DYLIB_CURRENT_VERSION = 1;
				DYLIB_INSTALL_NAME_BASE = "@rpath";
				INFOPLIST_FILE = UIComponent/Info.plist;
				INSTALL_PATH = "$(LOCAL_LIBRARY_DIR)/Frameworks";
				IPHONEOS_DEPLOYMENT_TARGET = 10.0;
				LD_RUNPATH_SEARCH_PATHS = (
					"$(inherited)",
					"@executable_path/Frameworks",
					"@loader_path/Frameworks",
				);
				PRODUCT_BUNDLE_IDENTIFIER = shymst.UIComponent;
				PRODUCT_NAME = "$(TARGET_NAME:c99extidentifier)";
				SKIP_INSTALL = YES;
				SWIFT_OPTIMIZATION_LEVEL = "-Onone";
				SWIFT_VERSION = 4.0;
				TARGETED_DEVICE_FAMILY = "1,2";
				VERSIONING_SYSTEM = "apple-generic";
				VERSION_INFO_PREFIX = "";
			};
			name = Debug;
		};
		937D66FC20A5F1FB0093B177 /* Release */ = {
			isa = XCBuildConfiguration;
			buildSettings = {
				CLANG_ENABLE_MODULES = YES;
				CODE_SIGN_IDENTITY = "";
				CODE_SIGN_STYLE = Automatic;
				CURRENT_PROJECT_VERSION = 1;
				DEFINES_MODULE = YES;
				DEVELOPMENT_TEAM = YEF9KW58C5;
				DYLIB_COMPATIBILITY_VERSION = 1;
				DYLIB_CURRENT_VERSION = 1;
				DYLIB_INSTALL_NAME_BASE = "@rpath";
				INFOPLIST_FILE = UIComponent/Info.plist;
				INSTALL_PATH = "$(LOCAL_LIBRARY_DIR)/Frameworks";
				IPHONEOS_DEPLOYMENT_TARGET = 10.0;
				LD_RUNPATH_SEARCH_PATHS = (
					"$(inherited)",
					"@executable_path/Frameworks",
					"@loader_path/Frameworks",
				);
				PRODUCT_BUNDLE_IDENTIFIER = shymst.UIComponent;
				PRODUCT_NAME = "$(TARGET_NAME:c99extidentifier)";
				SKIP_INSTALL = YES;
				SWIFT_VERSION = 4.0;
				TARGETED_DEVICE_FAMILY = "1,2";
				VERSIONING_SYSTEM = "apple-generic";
				VERSION_INFO_PREFIX = "";
			};
			name = Release;
		};
		937D66FF20A5F1FB0093B177 /* Debug */ = {
			isa = XCBuildConfiguration;
			buildSettings = {
				ALWAYS_EMBED_SWIFT_STANDARD_LIBRARIES = YES;
				CODE_SIGN_STYLE = Automatic;
				DEVELOPMENT_TEAM = YEF9KW58C5;
				INFOPLIST_FILE = UIComponentTests/Info.plist;
				LD_RUNPATH_SEARCH_PATHS = (
					"$(inherited)",
					"@executable_path/Frameworks",
					"@loader_path/Frameworks",
				);
				PRODUCT_BUNDLE_IDENTIFIER = shymst.UIComponentTests;
				PRODUCT_NAME = "$(TARGET_NAME)";
				SWIFT_VERSION = 4.0;
				TARGETED_DEVICE_FAMILY = "1,2";
				TEST_HOST = "$(BUILT_PRODUCTS_DIR)/StudySessionNavi.app/StudySessionNavi";
			};
			name = Debug;
		};
		937D670020A5F1FB0093B177 /* Release */ = {
			isa = XCBuildConfiguration;
			buildSettings = {
				ALWAYS_EMBED_SWIFT_STANDARD_LIBRARIES = YES;
				CODE_SIGN_STYLE = Automatic;
				DEVELOPMENT_TEAM = YEF9KW58C5;
				INFOPLIST_FILE = UIComponentTests/Info.plist;
				LD_RUNPATH_SEARCH_PATHS = (
					"$(inherited)",
					"@executable_path/Frameworks",
					"@loader_path/Frameworks",
				);
				PRODUCT_BUNDLE_IDENTIFIER = shymst.UIComponentTests;
				PRODUCT_NAME = "$(TARGET_NAME)";
				SWIFT_VERSION = 4.0;
				TARGETED_DEVICE_FAMILY = "1,2";
				TEST_HOST = "$(BUILT_PRODUCTS_DIR)/StudySessionNavi.app/StudySessionNavi";
			};
			name = Release;
		};
		93867A9220A841C1007979E5 /* Debug */ = {
			isa = XCBuildConfiguration;
			buildSettings = {
				CLANG_ENABLE_MODULES = YES;
				CODE_SIGN_IDENTITY = "";
				CODE_SIGN_STYLE = Automatic;
				CURRENT_PROJECT_VERSION = 1;
				DEFINES_MODULE = YES;
				DEVELOPMENT_TEAM = YEF9KW58C5;
				DYLIB_COMPATIBILITY_VERSION = 1;
				DYLIB_CURRENT_VERSION = 1;
				DYLIB_INSTALL_NAME_BASE = "@rpath";
				FRAMEWORK_SEARCH_PATHS = (
					"$(inherited)",
					"$(PROJECT_DIR)/Carthage/Build/iOS",
				);
				INFOPLIST_FILE = AppRequest/Info.plist;
				INSTALL_PATH = "$(LOCAL_LIBRARY_DIR)/Frameworks";
				IPHONEOS_DEPLOYMENT_TARGET = 10.0;
				LD_RUNPATH_SEARCH_PATHS = (
					"$(inherited)",
					"@executable_path/Frameworks",
					"@loader_path/Frameworks",
				);
				PRODUCT_BUNDLE_IDENTIFIER = shymst.AppRequest;
				PRODUCT_NAME = "$(TARGET_NAME:c99extidentifier)";
				SKIP_INSTALL = YES;
				SWIFT_OPTIMIZATION_LEVEL = "-Onone";
				SWIFT_VERSION = 4.0;
				TARGETED_DEVICE_FAMILY = "1,2";
				VERSIONING_SYSTEM = "apple-generic";
				VERSION_INFO_PREFIX = "";
			};
			name = Debug;
		};
		93867A9320A841C1007979E5 /* Release */ = {
			isa = XCBuildConfiguration;
			buildSettings = {
				CLANG_ENABLE_MODULES = YES;
				CODE_SIGN_IDENTITY = "";
				CODE_SIGN_STYLE = Automatic;
				CURRENT_PROJECT_VERSION = 1;
				DEFINES_MODULE = YES;
				DEVELOPMENT_TEAM = YEF9KW58C5;
				DYLIB_COMPATIBILITY_VERSION = 1;
				DYLIB_CURRENT_VERSION = 1;
				DYLIB_INSTALL_NAME_BASE = "@rpath";
				FRAMEWORK_SEARCH_PATHS = (
					"$(inherited)",
					"$(PROJECT_DIR)/Carthage/Build/iOS",
				);
				INFOPLIST_FILE = AppRequest/Info.plist;
				INSTALL_PATH = "$(LOCAL_LIBRARY_DIR)/Frameworks";
				IPHONEOS_DEPLOYMENT_TARGET = 10.0;
				LD_RUNPATH_SEARCH_PATHS = (
					"$(inherited)",
					"@executable_path/Frameworks",
					"@loader_path/Frameworks",
				);
				PRODUCT_BUNDLE_IDENTIFIER = shymst.AppRequest;
				PRODUCT_NAME = "$(TARGET_NAME:c99extidentifier)";
				SKIP_INSTALL = YES;
				SWIFT_VERSION = 4.0;
				TARGETED_DEVICE_FAMILY = "1,2";
				VERSIONING_SYSTEM = "apple-generic";
				VERSION_INFO_PREFIX = "";
			};
			name = Release;
		};
		93867A9420A841C1007979E5 /* Debug */ = {
			isa = XCBuildConfiguration;
			buildSettings = {
				ALWAYS_EMBED_SWIFT_STANDARD_LIBRARIES = YES;
				CODE_SIGN_STYLE = Automatic;
				DEVELOPMENT_TEAM = YEF9KW58C5;
				INFOPLIST_FILE = AppRequestTests/Info.plist;
				IPHONEOS_DEPLOYMENT_TARGET = 11.3;
				LD_RUNPATH_SEARCH_PATHS = (
					"$(inherited)",
					"@executable_path/Frameworks",
					"@loader_path/Frameworks",
				);
				PRODUCT_BUNDLE_IDENTIFIER = shymst.AppRequestTests;
				PRODUCT_NAME = "$(TARGET_NAME)";
				SWIFT_VERSION = 4.0;
				TARGETED_DEVICE_FAMILY = "1,2";
				TEST_HOST = "$(BUILT_PRODUCTS_DIR)/StudySessionNavi.app/StudySessionNavi";
			};
			name = Debug;
		};
		93867A9520A841C1007979E5 /* Release */ = {
			isa = XCBuildConfiguration;
			buildSettings = {
				ALWAYS_EMBED_SWIFT_STANDARD_LIBRARIES = YES;
				CODE_SIGN_STYLE = Automatic;
				DEVELOPMENT_TEAM = YEF9KW58C5;
				INFOPLIST_FILE = AppRequestTests/Info.plist;
				IPHONEOS_DEPLOYMENT_TARGET = 11.3;
				LD_RUNPATH_SEARCH_PATHS = (
					"$(inherited)",
					"@executable_path/Frameworks",
					"@loader_path/Frameworks",
				);
				PRODUCT_BUNDLE_IDENTIFIER = shymst.AppRequestTests;
				PRODUCT_NAME = "$(TARGET_NAME)";
				SWIFT_VERSION = 4.0;
				TARGETED_DEVICE_FAMILY = "1,2";
				TEST_HOST = "$(BUILT_PRODUCTS_DIR)/StudySessionNavi.app/StudySessionNavi";
			};
			name = Release;
		};
/* End XCBuildConfiguration section */

/* Begin XCConfigurationList section */
		937D66B420A5E7E90093B177 /* Build configuration list for PBXProject "StudySessionNavi" */ = {
			isa = XCConfigurationList;
			buildConfigurations = (
				937D66D420A5E7EA0093B177 /* Debug */,
				937D66D520A5E7EA0093B177 /* Release */,
			);
			defaultConfigurationIsVisible = 0;
			defaultConfigurationName = Release;
		};
		937D66D620A5E7EA0093B177 /* Build configuration list for PBXNativeTarget "StudySessionNavi" */ = {
			isa = XCConfigurationList;
			buildConfigurations = (
				937D66D720A5E7EA0093B177 /* Debug */,
				937D66D820A5E7EA0093B177 /* Release */,
			);
			defaultConfigurationIsVisible = 0;
			defaultConfigurationName = Release;
		};
		937D66D920A5E7EA0093B177 /* Build configuration list for PBXNativeTarget "StudySessionNaviTests" */ = {
			isa = XCConfigurationList;
			buildConfigurations = (
				937D66DA20A5E7EA0093B177 /* Debug */,
				937D66DB20A5E7EA0093B177 /* Release */,
			);
			defaultConfigurationIsVisible = 0;
			defaultConfigurationName = Release;
		};
		937D66FA20A5F1FB0093B177 /* Build configuration list for PBXNativeTarget "UIComponent" */ = {
			isa = XCConfigurationList;
			buildConfigurations = (
				937D66FB20A5F1FB0093B177 /* Debug */,
				937D66FC20A5F1FB0093B177 /* Release */,
			);
			defaultConfigurationIsVisible = 0;
			defaultConfigurationName = Release;
		};
		937D66FE20A5F1FB0093B177 /* Build configuration list for PBXNativeTarget "UIComponentTests" */ = {
			isa = XCConfigurationList;
			buildConfigurations = (
				937D66FF20A5F1FB0093B177 /* Debug */,
				937D670020A5F1FB0093B177 /* Release */,
			);
			defaultConfigurationIsVisible = 0;
			defaultConfigurationName = Release;
		};
		93867A9620A841C1007979E5 /* Build configuration list for PBXNativeTarget "AppRequest" */ = {
			isa = XCConfigurationList;
			buildConfigurations = (
				93867A9220A841C1007979E5 /* Debug */,
				93867A9320A841C1007979E5 /* Release */,
			);
			defaultConfigurationIsVisible = 0;
			defaultConfigurationName = Release;
		};
		93867A9720A841C1007979E5 /* Build configuration list for PBXNativeTarget "AppRequestTests" */ = {
			isa = XCConfigurationList;
			buildConfigurations = (
				93867A9420A841C1007979E5 /* Debug */,
				93867A9520A841C1007979E5 /* Release */,
			);
			defaultConfigurationIsVisible = 0;
			defaultConfigurationName = Release;
		};
/* End XCConfigurationList section */
	};
	rootObject = 937D66B120A5E7E90093B177 /* Project object */;
}
